// !$*UTF8*$!
{
	archiveVersion = 1;
	classes = {
	};
	objectVersion = 50;
	objects = {

/* Begin PBXBuildFile section */
		74CDAD3923831F230048F125 /* AppDelegate.swift in Sources */ = {isa = PBXBuildFile; fileRef = 74CDAD3823831F230048F125 /* AppDelegate.swift */; };
		74CDAD3B23831F230048F125 /* SceneDelegate.swift in Sources */ = {isa = PBXBuildFile; fileRef = 74CDAD3A23831F230048F125 /* SceneDelegate.swift */; };
		74CDAD3E23831F230048F125 /* CoredataTodoList.xcdatamodeld in Sources */ = {isa = PBXBuildFile; fileRef = 74CDAD3C23831F230048F125 /* CoredataTodoList.xcdatamodeld */; };
		74CDAD4023831F230048F125 /* ContentView.swift in Sources */ = {isa = PBXBuildFile; fileRef = 74CDAD3F23831F230048F125 /* ContentView.swift */; };
		74CDAD4223831F250048F125 /* Assets.xcassets in Resources */ = {isa = PBXBuildFile; fileRef = 74CDAD4123831F250048F125 /* Assets.xcassets */; };
		74CDAD4523831F250048F125 /* Preview Assets.xcassets in Resources */ = {isa = PBXBuildFile; fileRef = 74CDAD4423831F250048F125 /* Preview Assets.xcassets */; };
		74CDAD4823831F250048F125 /* LaunchScreen.storyboard in Resources */ = {isa = PBXBuildFile; fileRef = 74CDAD4623831F250048F125 /* LaunchScreen.storyboard */; };
		74CDAD50238320600048F125 /* ToDoItem.swift in Sources */ = {isa = PBXBuildFile; fileRef = 74CDAD4F238320600048F125 /* ToDoItem.swift */; };
		74CDAD54238328500048F125 /* ToDoItemView.swift in Sources */ = {isa = PBXBuildFile; fileRef = 74CDAD53238328500048F125 /* ToDoItemView.swift */; };
/* End PBXBuildFile section */

/* Begin PBXFileReference section */
		74CDAD3523831F230048F125 /* CoredataTodoList.app */ = {isa = PBXFileReference; explicitFileType = wrapper.application; includeInIndex = 0; path = CoredataTodoList.app; sourceTree = BUILT_PRODUCTS_DIR; };
		74CDAD3823831F230048F125 /* AppDelegate.swift */ = {isa = PBXFileReference; lastKnownFileType = sourcecode.swift; path = AppDelegate.swift; sourceTree = "<group>"; };
		74CDAD3A23831F230048F125 /* SceneDelegate.swift */ = {isa = PBXFileReference; lastKnownFileType = sourcecode.swift; path = SceneDelegate.swift; sourceTree = "<group>"; };
		74CDAD3D23831F230048F125 /* CoredataTodoList.xcdatamodel */ = {isa = PBXFileReference; lastKnownFileType = wrapper.xcdatamodel; path = CoredataTodoList.xcdatamodel; sourceTree = "<group>"; };
		74CDAD3F23831F230048F125 /* ContentView.swift */ = {isa = PBXFileReference; lastKnownFileType = sourcecode.swift; path = ContentView.swift; sourceTree = "<group>"; };
		74CDAD4123831F250048F125 /* Assets.xcassets */ = {isa = PBXFileReference; lastKnownFileType = folder.assetcatalog; path = Assets.xcassets; sourceTree = "<group>"; };
		74CDAD4423831F250048F125 /* Preview Assets.xcassets */ = {isa = PBXFileReference; lastKnownFileType = folder.assetcatalog; path = "Preview Assets.xcassets"; sourceTree = "<group>"; };
		74CDAD4723831F250048F125 /* Base */ = {isa = PBXFileReference; lastKnownFileType = file.storyboard; name = Base; path = Base.lproj/LaunchScreen.storyboard; sourceTree = "<group>"; };
		74CDAD4923831F250048F125 /* Info.plist */ = {isa = PBXFileReference; lastKnownFileType = text.plist.xml; path = Info.plist; sourceTree = "<group>"; };
		74CDAD4F238320600048F125 /* ToDoItem.swift */ = {isa = PBXFileReference; lastKnownFileType = sourcecode.swift; path = ToDoItem.swift; sourceTree = "<group>"; };
		74CDAD53238328500048F125 /* ToDoItemView.swift */ = {isa = PBXFileReference; lastKnownFileType = sourcecode.swift; path = ToDoItemView.swift; sourceTree = "<group>"; };
/* End PBXFileReference section */

/* Begin PBXFrameworksBuildPhase section */
		74CDAD3223831F230048F125 /* Frameworks */ = {
			isa = PBXFrameworksBuildPhase;
			buildActionMask = 2147483647;
			files = (
			);
			runOnlyForDeploymentPostprocessing = 0;
		};
/* End PBXFrameworksBuildPhase section */

/* Begin PBXGroup section */
		74CDAD2C23831F230048F125 = {
			isa = PBXGroup;
			children = (
				74CDAD3723831F230048F125 /* CoredataTodoList */,
				74CDAD3623831F230048F125 /* Products */,
			);
			sourceTree = "<group>";
		};
		74CDAD3623831F230048F125 /* Products */ = {
			isa = PBXGroup;
			children = (
				74CDAD3523831F230048F125 /* CoredataTodoList.app */,
			);
			name = Products;
			sourceTree = "<group>";
		};
		74CDAD3723831F230048F125 /* CoredataTodoList */ = {
			isa = PBXGroup;
			children = (
				74CDAD3823831F230048F125 /* AppDelegate.swift */,
				74CDAD3A23831F230048F125 /* SceneDelegate.swift */,
				74CDAD3F23831F230048F125 /* ContentView.swift */,
				74CDAD53238328500048F125 /* ToDoItemView.swift */,
				74CDAD4F238320600048F125 /* ToDoItem.swift */,
				74CDAD4123831F250048F125 /* Assets.xcassets */,
				74CDAD4623831F250048F125 /* LaunchScreen.storyboard */,
				74CDAD4923831F250048F125 /* Info.plist */,
				74CDAD3C23831F230048F125 /* CoredataTodoList.xcdatamodeld */,
				74CDAD4323831F250048F125 /* Preview Content */,
			);
			path = CoredataTodoList;
			sourceTree = "<group>";
		};
		74CDAD4323831F250048F125 /* Preview Content */ = {
			isa = PBXGroup;
			children = (
				74CDAD4423831F250048F125 /* Preview Assets.xcassets */,
			);
			path = "Preview Content";
			sourceTree = "<group>";
		};
/* End PBXGroup section */

/* Begin PBXNativeTarget section */
		74CDAD3423831F230048F125 /* CoredataTodoList */ = {
			isa = PBXNativeTarget;
			buildConfigurationList = 74CDAD4C23831F250048F125 /* Build configuration list for PBXNativeTarget "CoredataTodoList" */;
			buildPhases = (
				74CDAD3123831F230048F125 /* Sources */,
				74CDAD3223831F230048F125 /* Frameworks */,
				74CDAD3323831F230048F125 /* Resources */,
			);
			buildRules = (
			);
			dependencies = (
			);
			name = CoredataTodoList;
			productName = CoredataTodoList;
			productReference = 74CDAD3523831F230048F125 /* CoredataTodoList.app */;
			productType = "com.apple.product-type.application";
		};
/* End PBXNativeTarget section */

/* Begin PBXProject section */
		74CDAD2D23831F230048F125 /* Project object */ = {
			isa = PBXProject;
			attributes = {
				LastSwiftUpdateCheck = 1120;
				LastUpgradeCheck = 1120;
				ORGANIZATIONNAME = "Songming Han";
				TargetAttributes = {
					74CDAD3423831F230048F125 = {
						CreatedOnToolsVersion = 11.2.1;
					};
				};
			};
			buildConfigurationList = 74CDAD3023831F230048F125 /* Build configuration list for PBXProject "CoredataTodoList" */;
			compatibilityVersion = "Xcode 9.3";
			developmentRegion = en;
			hasScannedForEncodings = 0;
			knownRegions = (
				en,
				Base,
			);
			mainGroup = 74CDAD2C23831F230048F125;
			productRefGroup = 74CDAD3623831F230048F125 /* Products */;
			projectDirPath = "";
			projectRoot = "";
			targets = (
				74CDAD3423831F230048F125 /* CoredataTodoList */,
			);
		};
/* End PBXProject section */

/* Begin PBXResourcesBuildPhase section */
		74CDAD3323831F230048F125 /* Resources */ = {
			isa = PBXResourcesBuildPhase;
			buildActionMask = 2147483647;
			files = (
				74CDAD4823831F250048F125 /* LaunchScreen.storyboard in Resources */,
				74CDAD4523831F250048F125 /* Preview Assets.xcassets in Resources */,
				74CDAD4223831F250048F125 /* Assets.xcassets in Resources */,
			);
			runOnlyForDeploymentPostprocessing = 0;
		};
/* End PBXResourcesBuildPhase section */

/* Begin PBXSourcesBuildPhase section */
		74CDAD3123831F230048F125 /* Sources */ = {
			isa = PBXSourcesBuildPhase;
			buildActionMask = 2147483647;
			files = (
				74CDAD3923831F230048F125 /* AppDelegate.swift in Sources */,
				74CDAD54238328500048F125 /* ToDoItemView.swift in Sources */,
				74CDAD3B23831F230048F125 /* SceneDelegate.swift in Sources */,
				74CDAD50238320600048F125 /* ToDoItem.swift in Sources */,
				74CDAD4023831F230048F125 /* ContentView.swift in Sources */,
				74CDAD3E23831F230048F125 /* CoredataTodoList.xcdatamodeld in Sources */,
			);
			runOnlyForDeploymentPostprocessing = 0;
		};
/* End PBXSourcesBuildPhase section */

/* Begin PBXVariantGroup section */
		74CDAD4623831F250048F125 /* LaunchScreen.storyboard */ = {
			isa = PBXVariantGroup;
			children = (
				74CDAD4723831F250048F125 /* Base */,
			);
			name = LaunchScreen.storyboard;
			sourceTree = "<group>";
		};
/* End PBXVariantGroup section */

/* Begin XCBuildConfiguration section */
		74CDAD4A23831F250048F125 /* Debug */ = {
			isa = XCBuildConfiguration;
			buildSettings = {
				ALWAYS_SEARCH_USER_PATHS = NO;
				CLANG_ANALYZER_NONNULL = YES;
				CLANG_ANALYZER_NUMBER_OBJECT_CONVERSION = YES_AGGRESSIVE;
				CLANG_CXX_LANGUAGE_STANDARD = "gnu++14";
				CLANG_CXX_LIBRARY = "libc++";
				CLANG_ENABLE_MODULES = YES;
				CLANG_ENABLE_OBJC_ARC = YES;
				CLANG_ENABLE_OBJC_WEAK = YES;
				CLANG_WARN_BLOCK_CAPTURE_AUTORELEASING = YES;
				CLANG_WARN_BOOL_CONVERSION = YES;
				CLANG_WARN_COMMA = YES;
				CLANG_WARN_CONSTANT_CONVERSION = YES;
				CLANG_WARN_DEPRECATED_OBJC_IMPLEMENTATIONS = YES;
				CLANG_WARN_DIRECT_OBJC_ISA_USAGE = YES_ERROR;
				CLANG_WARN_DOCUMENTATION_COMMENTS = YES;
				CLANG_WARN_EMPTY_BODY = YES;
				CLANG_WARN_ENUM_CONVERSION = YES;
				CLANG_WARN_INFINITE_RECURSION = YES;
				CLANG_WARN_INT_CONVERSION = YES;
				CLANG_WARN_NON_LITERAL_NULL_CONVERSION = YES;
				CLANG_WARN_OBJC_IMPLICIT_RETAIN_SELF = YES;
				CLANG_WARN_OBJC_LITERAL_CONVERSION = YES;
				CLANG_WARN_OBJC_ROOT_CLASS = YES_ERROR;
				CLANG_WARN_RANGE_LOOP_ANALYSIS = YES;
				CLANG_WARN_STRICT_PROTOTYPES = YES;
				CLANG_WARN_SUSPICIOUS_MOVE = YES;
				CLANG_WARN_UNGUARDED_AVAILABILITY = YES_AGGRESSIVE;
				CLANG_WARN_UNREACHABLE_CODE = YES;
				CLANG_WARN__DUPLICATE_METHOD_MATCH = YES;
				COPY_PHASE_STRIP = NO;
				DEBUG_INFORMATION_FORMAT = dwarf;
				ENABLE_STRICT_OBJC_MSGSEND = YES;
				ENABLE_TESTABILITY = YES;
				GCC_C_LANGUAGE_STANDARD = gnu11;
				GCC_DYNAMIC_NO_PIC = NO;
				GCC_NO_COMMON_BLOCKS = YES;
				GCC_OPTIMIZATION_LEVEL = 0;
				GCC_PREPROCESSOR_DEFINITIONS = (
					"DEBUG=1",
					"$(inherited)",
				);
				GCC_WARN_64_TO_32_BIT_CONVERSION = YES;
				GCC_WARN_ABOUT_RETURN_TYPE = YES_ERROR;
				GCC_WARN_UNDECLARED_SELECTOR = YES;
				GCC_WARN_UNINITIALIZED_AUTOS = YES_AGGRESSIVE;
				GCC_WARN_UNUSED_FUNCTION = YES;
				GCC_WARN_UNUSED_VARIABLE = YES;
				IPHONEOS_DEPLOYMENT_TARGET = 13.2;
				MTL_ENABLE_DEBUG_INFO = INCLUDE_SOURCE;
				MTL_FAST_MATH = YES;
				ONLY_ACTIVE_ARCH = YES;
				SDKROOT = iphoneos;
				SWIFT_ACTIVE_COMPILATION_CONDITIONS = DEBUG;
				SWIFT_OPTIMIZATION_LEVEL = "-Onone";
			};
			name = Debug;
		};
		74CDAD4B23831F250048F125 /* Release */ = {
			isa = XCBuildConfiguration;
			buildSettings = {
				ALWAYS_SEARCH_USER_PATHS = NO;
				CLANG_ANALYZER_NONNULL = YES;
				CLANG_ANALYZER_NUMBER_OBJECT_CONVERSION = YES_AGGRESSIVE;
				CLANG_CXX_LANGUAGE_STANDARD = "gnu++14";
				CLANG_CXX_LIBRARY = "libc++";
				CLANG_ENABLE_MODULES = YES;
				CLANG_ENABLE_OBJC_ARC = YES;
				CLANG_ENABLE_OBJC_WEAK = YES;
				CLANG_WARN_BLOCK_CAPTURE_AUTORELEASING = YES;
				CLANG_WARN_BOOL_CONVERSION = YES;
				CLANG_WARN_COMMA = YES;
				CLANG_WARN_CONSTANT_CONVERSION = YES;
				CLANG_WARN_DEPRECATED_OBJC_IMPLEMENTATIONS = YES;
				CLANG_WARN_DIRECT_OBJC_ISA_USAGE = YES_ERROR;
				CLANG_WARN_DOCUMENTATION_COMMENTS = YES;
				CLANG_WARN_EMPTY_BODY = YES;
				CLANG_WARN_ENUM_CONVERSION = YES;
				CLANG_WARN_INFINITE_RECURSION = YES;
				CLANG_WARN_INT_CONVERSION = YES;
				CLANG_WARN_NON_LITERAL_NULL_CONVERSION = YES;
				CLANG_WARN_OBJC_IMPLICIT_RETAIN_SELF = YES;
				CLANG_WARN_OBJC_LITERAL_CONVERSION = YES;
				CLANG_WARN_OBJC_ROOT_CLASS = YES_ERROR;
				CLANG_WARN_RANGE_LOOP_ANALYSIS = YES;
				CLANG_WARN_STRICT_PROTOTYPES = YES;
				CLANG_WARN_SUSPICIOUS_MOVE = YES;
				CLANG_WARN_UNGUARDED_AVAILABILITY = YES_AGGRESSIVE;
				CLANG_WARN_UNREACHABLE_CODE = YES;
				CLANG_WARN__DUPLICATE_METHOD_MATCH = YES;
				COPY_PHASE_STRIP = NO;
				DEBUG_INFORMATION_FORMAT = "dwarf-with-dsym";
				ENABLE_NS_ASSERTIONS = NO;
				ENABLE_STRICT_OBJC_MSGSEND = YES;
				GCC_C_LANGUAGE_STANDARD = gnu11;
				GCC_NO_COMMON_BLOCKS = YES;
				GCC_WARN_64_TO_32_BIT_CONVERSION = YES;
				GCC_WARN_ABOUT_RETURN_TYPE = YES_ERROR;
				GCC_WARN_UNDECLARED_SELECTOR = YES;
				GCC_WARN_UNINITIALIZED_AUTOS = YES_AGGRESSIVE;
				GCC_WARN_UNUSED_FUNCTION = YES;
				GCC_WARN_UNUSED_VARIABLE = YES;
				IPHONEOS_DEPLOYMENT_TARGET = 13.2;
				MTL_ENABLE_DEBUG_INFO = NO;
				MTL_FAST_MATH = YES;
				SDKROOT = iphoneos;
				SWIFT_COMPILATION_MODE = wholemodule;
				SWIFT_OPTIMIZATION_LEVEL = "-O";
				VALIDATE_PRODUCT = YES;
			};
			name = Release;
		};
		74CDAD4D23831F250048F125 /* Debug */ = {
			isa = XCBuildConfiguration;
			buildSettings = {
				ASSETCATALOG_COMPILER_APPICON_NAME = AppIcon;
				CODE_SIGN_STYLE = Automatic;
				DEVELOPMENT_ASSET_PATHS = "\"CoredataTodoList/Preview Content\"";
				ENABLE_PREVIEWS = YES;
				INFOPLIST_FILE = CoredataTodoList/Info.plist;
				LD_RUNPATH_SEARCH_PATHS = (
					"$(inherited)",
					"@executable_path/Frameworks",
				);
				PRODUCT_BUNDLE_IDENTIFIER = boisestate.CoredataTodoList;
				PRODUCT_NAME = "$(TARGET_NAME)";
				SWIFT_VERSION = 5.0;
				TARGETED_DEVICE_FAMILY = "1,2";
			};
			name = Debug;
		};
		74CDAD4E23831F250048F125 /* Release */ = {
			isa = XCBuildConfiguration;
			buildSettings = {
				ASSETCATALOG_COMPILER_APPICON_NAME = AppIcon;
				CODE_SIGN_STYLE = Automatic;
				DEVELOPMENT_ASSET_PATHS = "\"CoredataTodoList/Preview Content\"";
				ENABLE_PREVIEWS = YES;
				INFOPLIST_FILE = CoredataTodoList/Info.plist;
				LD_RUNPATH_SEARCH_PATHS = (
					"$(inherited)",
					"@executable_path/Frameworks",
				);
				PRODUCT_BUNDLE_IDENTIFIER = boisestate.CoredataTodoList;
				PRODUCT_NAME = "$(TARGET_NAME)";
				SWIFT_VERSION = 5.0;
				TARGETED_DEVICE_FAMILY = "1,2";
			};
			name = Release;
		};
/* End XCBuildConfiguration section */

/* Begin XCConfigurationList section */
		74CDAD3023831F230048F125 /* Build configuration list for PBXProject "CoredataTodoList" */ = {
			isa = XCConfigurationList;
			buildConfigurations = (
				74CDAD4A23831F250048F125 /* Debug */,
				74CDAD4B23831F250048F125 /* Release */,
			);
			defaultConfigurationIsVisible = 0;
			defaultConfigurationName = Release;
		};
		74CDAD4C23831F250048F125 /* Build configuration list for PBXNativeTarget "CoredataTodoList" */ = {
			isa = XCConfigurationList;
			buildConfigurations = (
				74CDAD4D23831F250048F125 /* Debug */,
				74CDAD4E23831F250048F125 /* Release */,
			);
			defaultConfigurationIsVisible = 0;
			defaultConfigurationName = Release;
		};
/* End XCConfigurationList section */

/* Begin XCVersionGroup section */
		74CDAD3C23831F230048F125 /* CoredataTodoList.xcdatamodeld */ = {
			isa = XCVersionGroup;
			children = (
				74CDAD3D23831F230048F125 /* CoredataTodoList.xcdatamodel */,
			);
			currentVersion = 74CDAD3D23831F230048F125 /* CoredataTodoList.xcdatamodel */;
			path = CoredataTodoList.xcdatamodeld;
			sourceTree = "<group>";
			versionGroupType = wrapper.xcdatamodel;
		};
/* End XCVersionGroup section */
	};
	rootObject = 74CDAD2D23831F230048F125 /* Project object */;
}
