// !$*UTF8*$!
{
	archiveVersion = 1;
	classes = {
	};
	objectVersion = 50;
	objects = {

/* Begin PBXBuildFile section */
		7439DBE223303BEE000901A9 /* AppDelegate.swift in Sources */ = {isa = PBXBuildFile; fileRef = 7439DBE123303BEE000901A9 /* AppDelegate.swift */; };
		7439DBE423303BEE000901A9 /* ViewController.swift in Sources */ = {isa = PBXBuildFile; fileRef = 7439DBE323303BEE000901A9 /* ViewController.swift */; };
		7439DBE723303BEE000901A9 /* Main.storyboard in Resources */ = {isa = PBXBuildFile; fileRef = 7439DBE523303BEE000901A9 /* Main.storyboard */; };
		7439DBE923303BEF000901A9 /* Assets.xcassets in Resources */ = {isa = PBXBuildFile; fileRef = 7439DBE823303BEF000901A9 /* Assets.xcassets */; };
		7439DBEC23303BEF000901A9 /* LaunchScreen.storyboard in Resources */ = {isa = PBXBuildFile; fileRef = 7439DBEA23303BEF000901A9 /* LaunchScreen.storyboard */; };
		7439DBF723303BEF000901A9 /* calTests.swift in Sources */ = {isa = PBXBuildFile; fileRef = 7439DBF623303BEF000901A9 /* calTests.swift */; };
		7439DC0223303BEF000901A9 /* calUITests.swift in Sources */ = {isa = PBXBuildFile; fileRef = 7439DC0123303BEF000901A9 /* calUITests.swift */; };
		74982EBB2331A8C80081A7BE /* dataHandler.swift in Sources */ = {isa = PBXBuildFile; fileRef = 74982EBA2331A8C80081A7BE /* dataHandler.swift */; };
/* End PBXBuildFile section */

/* Begin PBXContainerItemProxy section */
		7439DBF323303BEF000901A9 /* PBXContainerItemProxy */ = {
			isa = PBXContainerItemProxy;
			containerPortal = 7439DBD623303BEE000901A9 /* Project object */;
			proxyType = 1;
			remoteGlobalIDString = 7439DBDD23303BEE000901A9;
			remoteInfo = cal;
		};
		7439DBFE23303BEF000901A9 /* PBXContainerItemProxy */ = {
			isa = PBXContainerItemProxy;
			containerPortal = 7439DBD623303BEE000901A9 /* Project object */;
			proxyType = 1;
			remoteGlobalIDString = 7439DBDD23303BEE000901A9;
			remoteInfo = cal;
		};
/* End PBXContainerItemProxy section */

/* Begin PBXFileReference section */
		7439DBDE23303BEE000901A9 /* cal.app */ = {isa = PBXFileReference; explicitFileType = wrapper.application; includeInIndex = 0; path = cal.app; sourceTree = BUILT_PRODUCTS_DIR; };
		7439DBE123303BEE000901A9 /* AppDelegate.swift */ = {isa = PBXFileReference; lastKnownFileType = sourcecode.swift; path = AppDelegate.swift; sourceTree = "<group>"; };
		7439DBE323303BEE000901A9 /* ViewController.swift */ = {isa = PBXFileReference; lastKnownFileType = sourcecode.swift; path = ViewController.swift; sourceTree = "<group>"; };
		7439DBE623303BEE000901A9 /* Base */ = {isa = PBXFileReference; lastKnownFileType = file.storyboard; name = Base; path = Base.lproj/Main.storyboard; sourceTree = "<group>"; };
		7439DBE823303BEF000901A9 /* Assets.xcassets */ = {isa = PBXFileReference; lastKnownFileType = folder.assetcatalog; path = Assets.xcassets; sourceTree = "<group>"; };
		7439DBEB23303BEF000901A9 /* Base */ = {isa = PBXFileReference; lastKnownFileType = file.storyboard; name = Base; path = Base.lproj/LaunchScreen.storyboard; sourceTree = "<group>"; };
		7439DBED23303BEF000901A9 /* Info.plist */ = {isa = PBXFileReference; lastKnownFileType = text.plist.xml; path = Info.plist; sourceTree = "<group>"; };
		7439DBF223303BEF000901A9 /* calTests.xctest */ = {isa = PBXFileReference; explicitFileType = wrapper.cfbundle; includeInIndex = 0; path = calTests.xctest; sourceTree = BUILT_PRODUCTS_DIR; };
		7439DBF623303BEF000901A9 /* calTests.swift */ = {isa = PBXFileReference; lastKnownFileType = sourcecode.swift; path = calTests.swift; sourceTree = "<group>"; };
		7439DBF823303BEF000901A9 /* Info.plist */ = {isa = PBXFileReference; lastKnownFileType = text.plist.xml; path = Info.plist; sourceTree = "<group>"; };
		7439DBFD23303BEF000901A9 /* calUITests.xctest */ = {isa = PBXFileReference; explicitFileType = wrapper.cfbundle; includeInIndex = 0; path = calUITests.xctest; sourceTree = BUILT_PRODUCTS_DIR; };
		7439DC0123303BEF000901A9 /* calUITests.swift */ = {isa = PBXFileReference; lastKnownFileType = sourcecode.swift; path = calUITests.swift; sourceTree = "<group>"; };
		7439DC0323303BEF000901A9 /* Info.plist */ = {isa = PBXFileReference; lastKnownFileType = text.plist.xml; path = Info.plist; sourceTree = "<group>"; };
		74982EBA2331A8C80081A7BE /* dataHandler.swift */ = {isa = PBXFileReference; lastKnownFileType = sourcecode.swift; path = dataHandler.swift; sourceTree = "<group>"; };
/* End PBXFileReference section */

/* Begin PBXFrameworksBuildPhase section */
		7439DBDB23303BEE000901A9 /* Frameworks */ = {
			isa = PBXFrameworksBuildPhase;
			buildActionMask = 2147483647;
			files = (
			);
			runOnlyForDeploymentPostprocessing = 0;
		};
		7439DBEF23303BEF000901A9 /* Frameworks */ = {
			isa = PBXFrameworksBuildPhase;
			buildActionMask = 2147483647;
			files = (
			);
			runOnlyForDeploymentPostprocessing = 0;
		};
		7439DBFA23303BEF000901A9 /* Frameworks */ = {
			isa = PBXFrameworksBuildPhase;
			buildActionMask = 2147483647;
			files = (
			);
			runOnlyForDeploymentPostprocessing = 0;
		};
/* End PBXFrameworksBuildPhase section */

/* Begin PBXGroup section */
		7439DBD523303BEE000901A9 = {
			isa = PBXGroup;
			children = (
				7439DBE023303BEE000901A9 /* cal */,
				7439DBF523303BEF000901A9 /* calTests */,
				7439DC0023303BEF000901A9 /* calUITests */,
				7439DBDF23303BEE000901A9 /* Products */,
			);
			sourceTree = "<group>";
		};
		7439DBDF23303BEE000901A9 /* Products */ = {
			isa = PBXGroup;
			children = (
				7439DBDE23303BEE000901A9 /* cal.app */,
				7439DBF223303BEF000901A9 /* calTests.xctest */,
				7439DBFD23303BEF000901A9 /* calUITests.xctest */,
			);
			name = Products;
			sourceTree = "<group>";
		};
		7439DBE023303BEE000901A9 /* cal */ = {
			isa = PBXGroup;
			children = (
				7439DBE123303BEE000901A9 /* AppDelegate.swift */,
				7439DBE323303BEE000901A9 /* ViewController.swift */,
				7439DBE523303BEE000901A9 /* Main.storyboard */,
				74982EBA2331A8C80081A7BE /* dataHandler.swift */,
				7439DBE823303BEF000901A9 /* Assets.xcassets */,
				7439DBEA23303BEF000901A9 /* LaunchScreen.storyboard */,
				7439DBED23303BEF000901A9 /* Info.plist */,
			);
			path = cal;
			sourceTree = "<group>";
		};
		7439DBF523303BEF000901A9 /* calTests */ = {
			isa = PBXGroup;
			children = (
				7439DBF623303BEF000901A9 /* calTests.swift */,
				7439DBF823303BEF000901A9 /* Info.plist */,
			);
			path = calTests;
			sourceTree = "<group>";
		};
		7439DC0023303BEF000901A9 /* calUITests */ = {
			isa = PBXGroup;
			children = (
				7439DC0123303BEF000901A9 /* calUITests.swift */,
				7439DC0323303BEF000901A9 /* Info.plist */,
			);
			path = calUITests;
			sourceTree = "<group>";
		};
/* End PBXGroup section */

/* Begin PBXNativeTarget section */
		7439DBDD23303BEE000901A9 /* cal */ = {
			isa = PBXNativeTarget;
			buildConfigurationList = 7439DC0623303BEF000901A9 /* Build configuration list for PBXNativeTarget "cal" */;
			buildPhases = (
				7439DBDA23303BEE000901A9 /* Sources */,
				7439DBDB23303BEE000901A9 /* Frameworks */,
				7439DBDC23303BEE000901A9 /* Resources */,
			);
			buildRules = (
			);
			dependencies = (
			);
			name = cal;
			productName = cal;
			productReference = 7439DBDE23303BEE000901A9 /* cal.app */;
			productType = "com.apple.product-type.application";
		};
		7439DBF123303BEF000901A9 /* calTests */ = {
			isa = PBXNativeTarget;
			buildConfigurationList = 7439DC0923303BEF000901A9 /* Build configuration list for PBXNativeTarget "calTests" */;
			buildPhases = (
				7439DBEE23303BEF000901A9 /* Sources */,
				7439DBEF23303BEF000901A9 /* Frameworks */,
				7439DBF023303BEF000901A9 /* Resources */,
			);
			buildRules = (
			);
			dependencies = (
				7439DBF423303BEF000901A9 /* PBXTargetDependency */,
			);
			name = calTests;
			productName = calTests;
			productReference = 7439DBF223303BEF000901A9 /* calTests.xctest */;
			productType = "com.apple.product-type.bundle.unit-test";
		};
		7439DBFC23303BEF000901A9 /* calUITests */ = {
			isa = PBXNativeTarget;
			buildConfigurationList = 7439DC0C23303BEF000901A9 /* Build configuration list for PBXNativeTarget "calUITests" */;
			buildPhases = (
				7439DBF923303BEF000901A9 /* Sources */,
				7439DBFA23303BEF000901A9 /* Frameworks */,
				7439DBFB23303BEF000901A9 /* Resources */,
			);
			buildRules = (
			);
			dependencies = (
				7439DBFF23303BEF000901A9 /* PBXTargetDependency */,
			);
			name = calUITests;
			productName = calUITests;
			productReference = 7439DBFD23303BEF000901A9 /* calUITests.xctest */;
			productType = "com.apple.product-type.bundle.ui-testing";
		};
/* End PBXNativeTarget section */

/* Begin PBXProject section */
		7439DBD623303BEE000901A9 /* Project object */ = {
			isa = PBXProject;
			attributes = {
				LastSwiftUpdateCheck = 1030;
				LastUpgradeCheck = 1030;
				ORGANIZATIONNAME = "Songming Han";
				TargetAttributes = {
					7439DBDD23303BEE000901A9 = {
						CreatedOnToolsVersion = 10.3;
					};
					7439DBF123303BEF000901A9 = {
						CreatedOnToolsVersion = 10.3;
						TestTargetID = 7439DBDD23303BEE000901A9;
					};
					7439DBFC23303BEF000901A9 = {
						CreatedOnToolsVersion = 10.3;
						TestTargetID = 7439DBDD23303BEE000901A9;
					};
				};
			};
			buildConfigurationList = 7439DBD923303BEE000901A9 /* Build configuration list for PBXProject "cal" */;
			compatibilityVersion = "Xcode 9.3";
			developmentRegion = en;
			hasScannedForEncodings = 0;
			knownRegions = (
				en,
				Base,
			);
			mainGroup = 7439DBD523303BEE000901A9;
			productRefGroup = 7439DBDF23303BEE000901A9 /* Products */;
			projectDirPath = "";
			projectRoot = "";
			targets = (
				7439DBDD23303BEE000901A9 /* cal */,
				7439DBF123303BEF000901A9 /* calTests */,
				7439DBFC23303BEF000901A9 /* calUITests */,
			);
		};
/* End PBXProject section */

/* Begin PBXResourcesBuildPhase section */
		7439DBDC23303BEE000901A9 /* Resources */ = {
			isa = PBXResourcesBuildPhase;
			buildActionMask = 2147483647;
			files = (
				7439DBEC23303BEF000901A9 /* LaunchScreen.storyboard in Resources */,
				7439DBE923303BEF000901A9 /* Assets.xcassets in Resources */,
				7439DBE723303BEE000901A9 /* Main.storyboard in Resources */,
			);
			runOnlyForDeploymentPostprocessing = 0;
		};
		7439DBF023303BEF000901A9 /* Resources */ = {
			isa = PBXResourcesBuildPhase;
			buildActionMask = 2147483647;
			files = (
			);
			runOnlyForDeploymentPostprocessing = 0;
		};
		7439DBFB23303BEF000901A9 /* Resources */ = {
			isa = PBXResourcesBuildPhase;
			buildActionMask = 2147483647;
			files = (
			);
			runOnlyForDeploymentPostprocessing = 0;
		};
/* End PBXResourcesBuildPhase section */

/* Begin PBXSourcesBuildPhase section */
		7439DBDA23303BEE000901A9 /* Sources */ = {
			isa = PBXSourcesBuildPhase;
			buildActionMask = 2147483647;
			files = (
				7439DBE423303BEE000901A9 /* ViewController.swift in Sources */,
				7439DBE223303BEE000901A9 /* AppDelegate.swift in Sources */,
				74982EBB2331A8C80081A7BE /* dataHandler.swift in Sources */,
			);
			runOnlyForDeploymentPostprocessing = 0;
		};
		7439DBEE23303BEF000901A9 /* Sources */ = {
			isa = PBXSourcesBuildPhase;
			buildActionMask = 2147483647;
			files = (
				7439DBF723303BEF000901A9 /* calTests.swift in Sources */,
			);
			runOnlyForDeploymentPostprocessing = 0;
		};
		7439DBF923303BEF000901A9 /* Sources */ = {
			isa = PBXSourcesBuildPhase;
			buildActionMask = 2147483647;
			files = (
				7439DC0223303BEF000901A9 /* calUITests.swift in Sources */,
			);
			runOnlyForDeploymentPostprocessing = 0;
		};
/* End PBXSourcesBuildPhase section */

/* Begin PBXTargetDependency section */
		7439DBF423303BEF000901A9 /* PBXTargetDependency */ = {
			isa = PBXTargetDependency;
			target = 7439DBDD23303BEE000901A9 /* cal */;
			targetProxy = 7439DBF323303BEF000901A9 /* PBXContainerItemProxy */;
		};
		7439DBFF23303BEF000901A9 /* PBXTargetDependency */ = {
			isa = PBXTargetDependency;
			target = 7439DBDD23303BEE000901A9 /* cal */;
			targetProxy = 7439DBFE23303BEF000901A9 /* PBXContainerItemProxy */;
		};
/* End PBXTargetDependency section */

/* Begin PBXVariantGroup section */
		7439DBE523303BEE000901A9 /* Main.storyboard */ = {
			isa = PBXVariantGroup;
			children = (
				7439DBE623303BEE000901A9 /* Base */,
			);
			name = Main.storyboard;
			sourceTree = "<group>";
		};
		7439DBEA23303BEF000901A9 /* LaunchScreen.storyboard */ = {
			isa = PBXVariantGroup;
			children = (
				7439DBEB23303BEF000901A9 /* Base */,
			);
			name = LaunchScreen.storyboard;
			sourceTree = "<group>";
		};
/* End PBXVariantGroup section */

/* Begin XCBuildConfiguration section */
		7439DC0423303BEF000901A9 /* Debug */ = {
			isa = XCBuildConfiguration;
			buildSettings = {
				ALWAYS_SEARCH_USER_PATHS = NO;
				CLANG_ANALYZER_NONNULL = YES;
				CLANG_ANALYZER_NUMBER_OBJECT_CONVERSION = YES_AGGRESSIVE;
				CLANG_CXX_LANGUAGE_STANDARD = "gnu++14";
				CLANG_CXX_LIBRARY = "libc++";
				CLANG_ENABLE_MODULES = YES;
				CLANG_ENABLE_OBJC_ARC = YES;
				CLANG_ENABLE_OBJC_WEAK = YES;
				CLANG_WARN_BLOCK_CAPTURE_AUTORELEASING = YES;
				CLANG_WARN_BOOL_CONVERSION = YES;
				CLANG_WARN_COMMA = YES;
				CLANG_WARN_CONSTANT_CONVERSION = YES;
				CLANG_WARN_DEPRECATED_OBJC_IMPLEMENTATIONS = YES;
				CLANG_WARN_DIRECT_OBJC_ISA_USAGE = YES_ERROR;
				CLANG_WARN_DOCUMENTATION_COMMENTS = YES;
				CLANG_WARN_EMPTY_BODY = YES;
				CLANG_WARN_ENUM_CONVERSION = YES;
				CLANG_WARN_INFINITE_RECURSION = YES;
				CLANG_WARN_INT_CONVERSION = YES;
				CLANG_WARN_NON_LITERAL_NULL_CONVERSION = YES;
				CLANG_WARN_OBJC_IMPLICIT_RETAIN_SELF = YES;
				CLANG_WARN_OBJC_LITERAL_CONVERSION = YES;
				CLANG_WARN_OBJC_ROOT_CLASS = YES_ERROR;
				CLANG_WARN_RANGE_LOOP_ANALYSIS = YES;
				CLANG_WARN_STRICT_PROTOTYPES = YES;
				CLANG_WARN_SUSPICIOUS_MOVE = YES;
				CLANG_WARN_UNGUARDED_AVAILABILITY = YES_AGGRESSIVE;
				CLANG_WARN_UNREACHABLE_CODE = YES;
				CLANG_WARN__DUPLICATE_METHOD_MATCH = YES;
				CODE_SIGN_IDENTITY = "iPhone Developer";
				COPY_PHASE_STRIP = NO;
				DEBUG_INFORMATION_FORMAT = dwarf;
				ENABLE_STRICT_OBJC_MSGSEND = YES;
				ENABLE_TESTABILITY = YES;
				GCC_C_LANGUAGE_STANDARD = gnu11;
				GCC_DYNAMIC_NO_PIC = NO;
				GCC_NO_COMMON_BLOCKS = YES;
				GCC_OPTIMIZATION_LEVEL = 0;
				GCC_PREPROCESSOR_DEFINITIONS = (
					"DEBUG=1",
					"$(inherited)",
				);
				GCC_WARN_64_TO_32_BIT_CONVERSION = YES;
				GCC_WARN_ABOUT_RETURN_TYPE = YES_ERROR;
				GCC_WARN_UNDECLARED_SELECTOR = YES;
				GCC_WARN_UNINITIALIZED_AUTOS = YES_AGGRESSIVE;
				GCC_WARN_UNUSED_FUNCTION = YES;
				GCC_WARN_UNUSED_VARIABLE = YES;
				IPHONEOS_DEPLOYMENT_TARGET = 12.4;
				MTL_ENABLE_DEBUG_INFO = INCLUDE_SOURCE;
				MTL_FAST_MATH = YES;
				ONLY_ACTIVE_ARCH = YES;
				SDKROOT = iphoneos;
				SWIFT_ACTIVE_COMPILATION_CONDITIONS = DEBUG;
				SWIFT_OPTIMIZATION_LEVEL = "-Onone";
			};
			name = Debug;
		};
		7439DC0523303BEF000901A9 /* Release */ = {
			isa = XCBuildConfiguration;
			buildSettings = {
				ALWAYS_SEARCH_USER_PATHS = NO;
				CLANG_ANALYZER_NONNULL = YES;
				CLANG_ANALYZER_NUMBER_OBJECT_CONVERSION = YES_AGGRESSIVE;
				CLANG_CXX_LANGUAGE_STANDARD = "gnu++14";
				CLANG_CXX_LIBRARY = "libc++";
				CLANG_ENABLE_MODULES = YES;
				CLANG_ENABLE_OBJC_ARC = YES;
				CLANG_ENABLE_OBJC_WEAK = YES;
				CLANG_WARN_BLOCK_CAPTURE_AUTORELEASING = YES;
				CLANG_WARN_BOOL_CONVERSION = YES;
				CLANG_WARN_COMMA = YES;
				CLANG_WARN_CONSTANT_CONVERSION = YES;
				CLANG_WARN_DEPRECATED_OBJC_IMPLEMENTATIONS = YES;
				CLANG_WARN_DIRECT_OBJC_ISA_USAGE = YES_ERROR;
				CLANG_WARN_DOCUMENTATION_COMMENTS = YES;
				CLANG_WARN_EMPTY_BODY = YES;
				CLANG_WARN_ENUM_CONVERSION = YES;
				CLANG_WARN_INFINITE_RECURSION = YES;
				CLANG_WARN_INT_CONVERSION = YES;
				CLANG_WARN_NON_LITERAL_NULL_CONVERSION = YES;
				CLANG_WARN_OBJC_IMPLICIT_RETAIN_SELF = YES;
				CLANG_WARN_OBJC_LITERAL_CONVERSION = YES;
				CLANG_WARN_OBJC_ROOT_CLASS = YES_ERROR;
				CLANG_WARN_RANGE_LOOP_ANALYSIS = YES;
				CLANG_WARN_STRICT_PROTOTYPES = YES;
				CLANG_WARN_SUSPICIOUS_MOVE = YES;
				CLANG_WARN_UNGUARDED_AVAILABILITY = YES_AGGRESSIVE;
				CLANG_WARN_UNREACHABLE_CODE = YES;
				CLANG_WARN__DUPLICATE_METHOD_MATCH = YES;
				CODE_SIGN_IDENTITY = "iPhone Developer";
				COPY_PHASE_STRIP = NO;
				DEBUG_INFORMATION_FORMAT = "dwarf-with-dsym";
				ENABLE_NS_ASSERTIONS = NO;
				ENABLE_STRICT_OBJC_MSGSEND = YES;
				GCC_C_LANGUAGE_STANDARD = gnu11;
				GCC_NO_COMMON_BLOCKS = YES;
				GCC_WARN_64_TO_32_BIT_CONVERSION = YES;
				GCC_WARN_ABOUT_RETURN_TYPE = YES_ERROR;
				GCC_WARN_UNDECLARED_SELECTOR = YES;
				GCC_WARN_UNINITIALIZED_AUTOS = YES_AGGRESSIVE;
				GCC_WARN_UNUSED_FUNCTION = YES;
				GCC_WARN_UNUSED_VARIABLE = YES;
				IPHONEOS_DEPLOYMENT_TARGET = 12.4;
				MTL_ENABLE_DEBUG_INFO = NO;
				MTL_FAST_MATH = YES;
				SDKROOT = iphoneos;
				SWIFT_COMPILATION_MODE = wholemodule;
				SWIFT_OPTIMIZATION_LEVEL = "-O";
				VALIDATE_PRODUCT = YES;
			};
			name = Release;
		};
		7439DC0723303BEF000901A9 /* Debug */ = {
			isa = XCBuildConfiguration;
			buildSettings = {
				ASSETCATALOG_COMPILER_APPICON_NAME = AppIcon;
				CODE_SIGN_STYLE = Automatic;
				DEVELOPMENT_TEAM = TG9FA95G29;
				INFOPLIST_FILE = cal/Info.plist;
				LD_RUNPATH_SEARCH_PATHS = (
					"$(inherited)",
					"@executable_path/Frameworks",
				);
				PRODUCT_BUNDLE_IDENTIFIER = Songming.cal;
				PRODUCT_NAME = "$(TARGET_NAME)";
				SWIFT_VERSION = 5.0;
				TARGETED_DEVICE_FAMILY = "1,2";
			};
			name = Debug;
		};
		7439DC0823303BEF000901A9 /* Release */ = {
			isa = XCBuildConfiguration;
			buildSettings = {
				ASSETCATALOG_COMPILER_APPICON_NAME = AppIcon;
				CODE_SIGN_STYLE = Automatic;
				DEVELOPMENT_TEAM = TG9FA95G29;
				INFOPLIST_FILE = cal/Info.plist;
				LD_RUNPATH_SEARCH_PATHS = (
					"$(inherited)",
					"@executable_path/Frameworks",
				);
				PRODUCT_BUNDLE_IDENTIFIER = Songming.cal;
				PRODUCT_NAME = "$(TARGET_NAME)";
				SWIFT_VERSION = 5.0;
				TARGETED_DEVICE_FAMILY = "1,2";
			};
			name = Release;
		};
		7439DC0A23303BEF000901A9 /* Debug */ = {
			isa = XCBuildConfiguration;
			buildSettings = {
				ALWAYS_EMBED_SWIFT_STANDARD_LIBRARIES = YES;
				BUNDLE_LOADER = "$(TEST_HOST)";
				CODE_SIGN_STYLE = Automatic;
				DEVELOPMENT_TEAM = TG9FA95G29;
				INFOPLIST_FILE = calTests/Info.plist;
				LD_RUNPATH_SEARCH_PATHS = (
					"$(inherited)",
					"@executable_path/Frameworks",
					"@loader_path/Frameworks",
				);
				PRODUCT_BUNDLE_IDENTIFIER = Songming.calTests;
				PRODUCT_NAME = "$(TARGET_NAME)";
				SWIFT_VERSION = 5.0;
				TARGETED_DEVICE_FAMILY = "1,2";
				TEST_HOST = "$(BUILT_PRODUCTS_DIR)/cal.app/cal";
			};
			name = Debug;
		};
		7439DC0B23303BEF000901A9 /* Release */ = {
			isa = XCBuildConfiguration;
			buildSettings = {
				ALWAYS_EMBED_SWIFT_STANDARD_LIBRARIES = YES;
				BUNDLE_LOADER = "$(TEST_HOST)";
				CODE_SIGN_STYLE = Automatic;
				DEVELOPMENT_TEAM = TG9FA95G29;
				INFOPLIST_FILE = calTests/Info.plist;
				LD_RUNPATH_SEARCH_PATHS = (
					"$(inherited)",
					"@executable_path/Frameworks",
					"@loader_path/Frameworks",
				);
				PRODUCT_BUNDLE_IDENTIFIER = Songming.calTests;
				PRODUCT_NAME = "$(TARGET_NAME)";
				SWIFT_VERSION = 5.0;
				TARGETED_DEVICE_FAMILY = "1,2";
				TEST_HOST = "$(BUILT_PRODUCTS_DIR)/cal.app/cal";
			};
			name = Release;
		};
		7439DC0D23303BEF000901A9 /* Debug */ = {
			isa = XCBuildConfiguration;
			buildSettings = {
				ALWAYS_EMBED_SWIFT_STANDARD_LIBRARIES = YES;
				CODE_SIGN_STYLE = Automatic;
				DEVELOPMENT_TEAM = TG9FA95G29;
				INFOPLIST_FILE = calUITests/Info.plist;
				LD_RUNPATH_SEARCH_PATHS = (
					"$(inherited)",
					"@executable_path/Frameworks",
					"@loader_path/Frameworks",
				);
				PRODUCT_BUNDLE_IDENTIFIER = Songming.calUITests;
				PRODUCT_NAME = "$(TARGET_NAME)";
				SWIFT_VERSION = 5.0;
				TARGETED_DEVICE_FAMILY = "1,2";
				TEST_TARGET_NAME = cal;
			};
			name = Debug;
		};
		7439DC0E23303BEF000901A9 /* Release */ = {
			isa = XCBuildConfiguration;
			buildSettings = {
				ALWAYS_EMBED_SWIFT_STANDARD_LIBRARIES = YES;
				CODE_SIGN_STYLE = Automatic;
				DEVELOPMENT_TEAM = TG9FA95G29;
				INFOPLIST_FILE = calUITests/Info.plist;
				LD_RUNPATH_SEARCH_PATHS = (
					"$(inherited)",
					"@executable_path/Frameworks",
					"@loader_path/Frameworks",
				);
				PRODUCT_BUNDLE_IDENTIFIER = Songming.calUITests;
				PRODUCT_NAME = "$(TARGET_NAME)";
				SWIFT_VERSION = 5.0;
				TARGETED_DEVICE_FAMILY = "1,2";
				TEST_TARGET_NAME = cal;
			};
			name = Release;
		};
/* End XCBuildConfiguration section */

/* Begin XCConfigurationList section */
		7439DBD923303BEE000901A9 /* Build configuration list for PBXProject "cal" */ = {
			isa = XCConfigurationList;
			buildConfigurations = (
				7439DC0423303BEF000901A9 /* Debug */,
				7439DC0523303BEF000901A9 /* Release */,
			);
			defaultConfigurationIsVisible = 0;
			defaultConfigurationName = Release;
		};
		7439DC0623303BEF000901A9 /* Build configuration list for PBXNativeTarget "cal" */ = {
			isa = XCConfigurationList;
			buildConfigurations = (
				7439DC0723303BEF000901A9 /* Debug */,
				7439DC0823303BEF000901A9 /* Release */,
			);
			defaultConfigurationIsVisible = 0;
			defaultConfigurationName = Release;
		};
		7439DC0923303BEF000901A9 /* Build configuration list for PBXNativeTarget "calTests" */ = {
			isa = XCConfigurationList;
			buildConfigurations = (
				7439DC0A23303BEF000901A9 /* Debug */,
				7439DC0B23303BEF000901A9 /* Release */,
			);
			defaultConfigurationIsVisible = 0;
			defaultConfigurationName = Release;
		};
		7439DC0C23303BEF000901A9 /* Build configuration list for PBXNativeTarget "calUITests" */ = {
			isa = XCConfigurationList;
			buildConfigurations = (
				7439DC0D23303BEF000901A9 /* Debug */,
				7439DC0E23303BEF000901A9 /* Release */,
			);
			defaultConfigurationIsVisible = 0;
			defaultConfigurationName = Release;
		};
/* End XCConfigurationList section */
	};
	rootObject = 7439DBD623303BEE000901A9 /* Project object */;
}
